
Microsoft Visual Studio Solution File, Format Version 12.00
# Visual Studio Version 17
VisualStudioVersion = 17.0.32112.339
MinimumVisualStudioVersion = 10.0.40219.1
Project("{FAE04EC0-301F-11D3-BF4B-00C04F79EFBC}") = "BestCloudAcademy.WebAPI", "BestCloudAcademy.WebAPI\BestCloudAcademy.WebAPI.csproj", "{7A54739A-830B-483A-A388-BAD3FB3E5CE2}"
EndProject
Global
	GlobalSection(SolutionConfigurationPlatforms) = preSolution
		Debug|Any CPU = Debug|Any CPU
		Release|Any CPU = Release|Any CPU
	EndGlobalSection
	GlobalSection(ProjectConfigurationPlatforms) = postSolution
		{7A54739A-830B-483A-A388-BAD3FB3E5CE2}.Debug|Any CPU.ActiveCfg = Debug|Any CPU
		{7A54739A-830B-483A-A388-BAD3FB3E5CE2}.Debug|Any CPU.Build.0 = Debug|Any CPU
		{7A54739A-830B-483A-A388-BAD3FB3E5CE2}.Release|Any CPU.ActiveCfg = Release|Any CPU
		{7A54739A-830B-483A-A388-BAD3FB3E5CE2}.Release|Any CPU.Build.0 = Release|Any CPU
	EndGlobalSection
	GlobalSection(SolutionProperties) = preSolution
		HideSolutionNode = FALSE
	EndGlobalSection
	GlobalSection(ExtensibilityGlobals) = postSolution
		SolutionGuid = {DAB34B06-F386-4AF5-9495-179AD612D110}
	EndGlobalSection
EndGlobal
